
Microsoft Visual Studio Solution File, Format Version 12.00
# Visual Studio Version 17
VisualStudioVersion = 17.10.34928.147
MinimumVisualStudioVersion = 10.0.40219.1
Project("{FAE04EC0-301F-11D3-BF4B-00C04F79EFBC}") = "CSharp_CongTruNhanChia", "CSharp_CongTruNhanChia.csproj", "{DF3FA822-0ADB-4D75-81F1-27D78AC46C09}"
EndProject
Global
	GlobalSection(SolutionConfigurationPlatforms) = preSolution
		Debug|Any CPU = Debug|Any CPU
		Release|Any CPU = Release|Any CPU
	EndGlobalSection
	GlobalSection(ProjectConfigurationPlatforms) = postSolution
		{DF3FA822-0ADB-4D75-81F1-27D78AC46C09}.Debug|Any CPU.ActiveCfg = Debug|Any CPU
		{DF3FA822-0ADB-4D75-81F1-27D78AC46C09}.Debug|Any CPU.Build.0 = Debug|Any CPU
		{DF3FA822-0ADB-4D75-81F1-27D78AC46C09}.Release|Any CPU.ActiveCfg = Release|Any CPU
		{DF3FA822-0ADB-4D75-81F1-27D78AC46C09}.Release|Any CPU.Build.0 = Release|Any CPU
	EndGlobalSection
	GlobalSection(SolutionProperties) = preSolution
		HideSolutionNode = FALSE
	EndGlobalSection
	GlobalSection(ExtensibilityGlobals) = postSolution
		SolutionGuid = {8F874F9F-7CD6-4F4B-8B61-9F3872B955FA}
	EndGlobalSection
EndGlobal
